
Microsoft Visual Studio Solution File, Format Version 12.00
# Visual Studio Version 17
VisualStudioVersion = 17.11.35222.181
MinimumVisualStudioVersion = 10.0.40219.1
Project("{FAE04EC0-301F-11D3-BF4B-00C04F79EFBC}") = "Test", "Test\Test.csproj", "{A7D40DFF-17DB-4CC0-9740-D5AA2587B21D}"
EndProject
Global
	GlobalSection(SolutionConfigurationPlatforms) = preSolution
		Debug|Any CPU = Debug|Any CPU
		Release|Any CPU = Release|Any CPU
	EndGlobalSection
	GlobalSection(ProjectConfigurationPlatforms) = postSolution
		{A7D40DFF-17DB-4CC0-9740-D5AA2587B21D}.Debug|Any CPU.ActiveCfg = Debug|Any CPU
		{A7D40DFF-17DB-4CC0-9740-D5AA2587B21D}.Debug|Any CPU.Build.0 = Debug|Any CPU
		{A7D40DFF-17DB-4CC0-9740-D5AA2587B21D}.Release|Any CPU.ActiveCfg = Release|Any CPU
		{A7D40DFF-17DB-4CC0-9740-D5AA2587B21D}.Release|Any CPU.Build.0 = Release|Any CPU
	EndGlobalSection
	GlobalSection(SolutionProperties) = preSolution
		HideSolutionNode = FALSE
	EndGlobalSection
	GlobalSection(ExtensibilityGlobals) = postSolution
		SolutionGuid = {85919850-5C64-4C32-B306-2FDE080B848B}
	EndGlobalSection
EndGlobal
